
Microsoft Visual Studio Solution File, Format Version 12.00
# Visual Studio Version 17
VisualStudioVersion = 17.14.36327.8 d17.14
MinimumVisualStudioVersion = 10.0.40219.1
Project("{FAE04EC0-301F-11D3-BF4B-00C04F79EFBC}") = "Auth0Demo", "Auth0Demo\Auth0Demo.csproj", "{13327351-4F69-4A6B-9F9F-E19920562B70}"
EndProject
Global
	GlobalSection(SolutionConfigurationPlatforms) = preSolution
		Debug|Any CPU = Debug|Any CPU
		Release|Any CPU = Release|Any CPU
	EndGlobalSection
	GlobalSection(ProjectConfigurationPlatforms) = postSolution
		{13327351-4F69-4A6B-9F9F-E19920562B70}.Debug|Any CPU.ActiveCfg = Debug|Any CPU
		{13327351-4F69-4A6B-9F9F-E19920562B70}.Debug|Any CPU.Build.0 = Debug|Any CPU
		{13327351-4F69-4A6B-9F9F-E19920562B70}.Release|Any CPU.ActiveCfg = Release|Any CPU
		{13327351-4F69-4A6B-9F9F-E19920562B70}.Release|Any CPU.Build.0 = Release|Any CPU
	EndGlobalSection
	GlobalSection(SolutionProperties) = preSolution
		HideSolutionNode = FALSE
	EndGlobalSection
	GlobalSection(ExtensibilityGlobals) = postSolution
		SolutionGuid = {78090BAA-22AA-4443-AE80-A8ED4DD08802}
	EndGlobalSection
EndGlobal
